
Microsoft Visual Studio Solution File, Format Version 12.00
# Visual Studio 15
VisualStudioVersion = 15.0.26430.15
MinimumVisualStudioVersion = 10.0.40219.1
Project("{FAE04EC0-301F-11D3-BF4B-00C04F79EFBC}") = "Example01", "ConsoleApp1\Example01.csproj", "{90005861-D2E6-425B-AE65-EAC86EF4F489}"
EndProject
Project("{FAE04EC0-301F-11D3-BF4B-00C04F79EFBC}") = "Example02", "Example02\Example02.csproj", "{6172AE4A-3BE8-4D6A-88D8-4BC4F6692D4C}"
EndProject
Project("{FAE04EC0-301F-11D3-BF4B-00C04F79EFBC}") = "Example02-1 Library", "Example02-1 Library\Example02-1 Library.csproj", "{881411F2-94D6-446D-A10D-2C2E8B5AF8F0}"
EndProject
Project("{FAE04EC0-301F-11D3-BF4B-00C04F79EFBC}") = "StudentManagementLibrary", "..\..\Myfirstrepo\StudentManagementLibrary\StudentManagementLibrary\StudentManagementLibrary.csproj", "{8B15778E-A9BA-4209-9845-52471D1BEB1E}"
EndProject
Global
	GlobalSection(SolutionConfigurationPlatforms) = preSolution
		Debug|Any CPU = Debug|Any CPU
		Release|Any CPU = Release|Any CPU
	EndGlobalSection
	GlobalSection(ProjectConfigurationPlatforms) = postSolution
		{90005861-D2E6-425B-AE65-EAC86EF4F489}.Debug|Any CPU.ActiveCfg = Debug|Any CPU
		{90005861-D2E6-425B-AE65-EAC86EF4F489}.Debug|Any CPU.Build.0 = Debug|Any CPU
		{90005861-D2E6-425B-AE65-EAC86EF4F489}.Release|Any CPU.ActiveCfg = Release|Any CPU
		{90005861-D2E6-425B-AE65-EAC86EF4F489}.Release|Any CPU.Build.0 = Release|Any CPU
		{6172AE4A-3BE8-4D6A-88D8-4BC4F6692D4C}.Debug|Any CPU.ActiveCfg = Debug|Any CPU
		{6172AE4A-3BE8-4D6A-88D8-4BC4F6692D4C}.Debug|Any CPU.Build.0 = Debug|Any CPU
		{6172AE4A-3BE8-4D6A-88D8-4BC4F6692D4C}.Release|Any CPU.ActiveCfg = Release|Any CPU
		{6172AE4A-3BE8-4D6A-88D8-4BC4F6692D4C}.Release|Any CPU.Build.0 = Release|Any CPU
		{881411F2-94D6-446D-A10D-2C2E8B5AF8F0}.Debug|Any CPU.ActiveCfg = Debug|Any CPU
		{881411F2-94D6-446D-A10D-2C2E8B5AF8F0}.Debug|Any CPU.Build.0 = Debug|Any CPU
		{881411F2-94D6-446D-A10D-2C2E8B5AF8F0}.Release|Any CPU.ActiveCfg = Release|Any CPU
		{881411F2-94D6-446D-A10D-2C2E8B5AF8F0}.Release|Any CPU.Build.0 = Release|Any CPU
		{8B15778E-A9BA-4209-9845-52471D1BEB1E}.Debug|Any CPU.ActiveCfg = Debug|Any CPU
		{8B15778E-A9BA-4209-9845-52471D1BEB1E}.Debug|Any CPU.Build.0 = Debug|Any CPU
		{8B15778E-A9BA-4209-9845-52471D1BEB1E}.Release|Any CPU.ActiveCfg = Release|Any CPU
		{8B15778E-A9BA-4209-9845-52471D1BEB1E}.Release|Any CPU.Build.0 = Release|Any CPU
	EndGlobalSection
	GlobalSection(SolutionProperties) = preSolution
		HideSolutionNode = FALSE
	EndGlobalSection
EndGlobal
